
Microsoft Visual Studio Solution File, Format Version 12.00
# Visual Studio 14
VisualStudioVersion = 14.0.23107.0
MinimumVisualStudioVersion = 10.0.40219.1
Project("{2150E333-8FDC-42A3-9474-1A3956D46DE8}") = "DataAccess", "DataAccess", "{47973809-1D93-4E51-896A-9AEF31D05ABC}"
EndProject
Project("{2150E333-8FDC-42A3-9474-1A3956D46DE8}") = "Entities", "Entities", "{B8E1CBEC-E223-426B-B07C-BB4DCE5F6572}"
EndProject
Project("{FAE04EC0-301F-11D3-BF4B-00C04F79EFBC}") = "DTOS", "DTOS\DTOS.csproj", "{FFC1E5D1-577B-4C78-8790-C4927B3003F3}"
EndProject
Project("{2150E333-8FDC-42A3-9474-1A3956D46DE8}") = "Infrastructure", "Infrastructure", "{24387316-CAE0-4732-B5AD-1C7B2763CFAE}"
EndProject
Project("{2150E333-8FDC-42A3-9474-1A3956D46DE8}") = "NHibernate", "NHibernate", "{A5CCC4B1-70F0-463C-A609-D19216E3CDD8}"
EndProject
Project("{FAE04EC0-301F-11D3-BF4B-00C04F79EFBC}") = "RepoInfrastructure", "RepoInfrastructure\RepoInfrastructure.csproj", "{FA5943C4-C0EE-4AC2-82D6-A27E6E36A1CE}"
EndProject
Project("{FAE04EC0-301F-11D3-BF4B-00C04F79EFBC}") = "NHibernateLayer", "NHibernateLayer\NHibernateLayer.csproj", "{505330DE-710F-41EB-8EB2-08576EE21CF7}"
EndProject
Project("{FAE04EC0-301F-11D3-BF4B-00C04F79EFBC}") = "NHibernateLayerTests", "NHibernateLayerTests\NHibernateLayerTests.csproj", "{29108E7B-4E72-4EE7-A7F8-ED9D0599446B}"
EndProject
Project("{2150E333-8FDC-42A3-9474-1A3956D46DE8}") = "DesktopApp", "DesktopApp", "{A7B57454-8122-47CE-B192-03FBAD752080}"
EndProject
Project("{FAE04EC0-301F-11D3-BF4B-00C04F79EFBC}") = "AutoRepair.UI", "AutoRepair.UI\AutoRepair.UI.csproj", "{D13F57B4-470E-404B-9419-14232E3D2C2B}"
EndProject
Project("{2150E333-8FDC-42A3-9474-1A3956D46DE8}") = "BusinessLogic", "BusinessLogic", "{09D8EA8B-B379-4CE1-B966-FAEB608E70F6}"
EndProject
Project("{FAE04EC0-301F-11D3-BF4B-00C04F79EFBC}") = "AutoRepair.Business", "AutoRepair.Business\AutoRepair.Business.csproj", "{08BE9FF3-224E-445B-969A-A60761E63436}"
EndProject
Project("{FAE04EC0-301F-11D3-BF4B-00C04F79EFBC}") = "AutoRepair.UI.WinForms", "AutoRepair.UI.WinForms\AutoRepair.UI.WinForms.csproj", "{8B840BA4-108F-4BCB-9566-682CF410280B}"
EndProject
Project("{2150E333-8FDC-42A3-9474-1A3956D46DE8}") = "Installer", "Installer", "{03C24319-921F-4878-AC40-8E972B275778}"
EndProject
Project("{6141683F-8A12-4E36-9623-2EB02B2C2303}") = "AutoRepairInstaller", "AutoRepairInstaller\AutoRepairInstaller.isproj", "{3E26BFD4-5293-4BCF-BD97-2AE074D92466}"
	ProjectSection(ProjectDependencies) = postProject
		{05C63440-F211-4BC4-B394-5C9468B16A91} = {05C63440-F211-4BC4-B394-5C9468B16A91}
		{17859C7A-3D6A-4307-BDAF-AA0129A3D081} = {17859C7A-3D6A-4307-BDAF-AA0129A3D081}
		{29108E7B-4E72-4EE7-A7F8-ED9D0599446B} = {29108E7B-4E72-4EE7-A7F8-ED9D0599446B}
		{D42C3496-9700-438D-B028-2BB8E48B3C0B} = {D42C3496-9700-438D-B028-2BB8E48B3C0B}
		{8B840BA4-108F-4BCB-9566-682CF410280B} = {8B840BA4-108F-4BCB-9566-682CF410280B}
		{FA5943C4-C0EE-4AC2-82D6-A27E6E36A1CE} = {FA5943C4-C0EE-4AC2-82D6-A27E6E36A1CE}
		{FFC1E5D1-577B-4C78-8790-C4927B3003F3} = {FFC1E5D1-577B-4C78-8790-C4927B3003F3}
		{505330DE-710F-41EB-8EB2-08576EE21CF7} = {505330DE-710F-41EB-8EB2-08576EE21CF7}
		{08BE9FF3-224E-445B-969A-A60761E63436} = {08BE9FF3-224E-445B-969A-A60761E63436}
	EndProjectSection
EndProject
Project("{2150E333-8FDC-42A3-9474-1A3956D46DE8}") = "Exceptions", "Exceptions", "{2E639B7D-EFD2-459C-A47F-99C5C02C8315}"
EndProject
Project("{FAE04EC0-301F-11D3-BF4B-00C04F79EFBC}") = "CustomExceptions", "CustomExceptions\CustomExceptions.csproj", "{05C63440-F211-4BC4-B394-5C9468B16A91}"
EndProject
Project("{2150E333-8FDC-42A3-9474-1A3956D46DE8}") = "Authorization", "Authorization", "{1B098627-9C5C-4135-8B8D-C6D2894F3438}"
EndProject
Project("{FAE04EC0-301F-11D3-BF4B-00C04F79EFBC}") = "LicenseKeyGenerator", "LicenseKeyGenerator\LicenseKeyGenerator.csproj", "{17859C7A-3D6A-4307-BDAF-AA0129A3D081}"
EndProject
Project("{2150E333-8FDC-42A3-9474-1A3956D46DE8}") = "Security", "Security", "{FB89B025-5E38-40C1-960D-083CB502026E}"
EndProject
Project("{FAE04EC0-301F-11D3-BF4B-00C04F79EFBC}") = "Security.Encryption", "Security.Encryption\Security.Encryption.csproj", "{D42C3496-9700-438D-B028-2BB8E48B3C0B}"
EndProject
Global
	GlobalSection(SolutionConfigurationPlatforms) = preSolution
		CD_ROM|Any CPU = CD_ROM|Any CPU
		Debug|Any CPU = Debug|Any CPU
		DVD-5|Any CPU = DVD-5|Any CPU
		Release|Any CPU = Release|Any CPU
		SingleImage|Any CPU = SingleImage|Any CPU
	EndGlobalSection
	GlobalSection(ProjectConfigurationPlatforms) = postSolution
		{FFC1E5D1-577B-4C78-8790-C4927B3003F3}.CD_ROM|Any CPU.ActiveCfg = Release|Any CPU
		{FFC1E5D1-577B-4C78-8790-C4927B3003F3}.CD_ROM|Any CPU.Build.0 = Release|Any CPU
		{FFC1E5D1-577B-4C78-8790-C4927B3003F3}.Debug|Any CPU.ActiveCfg = Debug|Any CPU
		{FFC1E5D1-577B-4C78-8790-C4927B3003F3}.Debug|Any CPU.Build.0 = Debug|Any CPU
		{FFC1E5D1-577B-4C78-8790-C4927B3003F3}.DVD-5|Any CPU.ActiveCfg = Debug|Any CPU
		{FFC1E5D1-577B-4C78-8790-C4927B3003F3}.DVD-5|Any CPU.Build.0 = Debug|Any CPU
		{FFC1E5D1-577B-4C78-8790-C4927B3003F3}.Release|Any CPU.ActiveCfg = Release|Any CPU
		{FFC1E5D1-577B-4C78-8790-C4927B3003F3}.Release|Any CPU.Build.0 = Release|Any CPU
		{FFC1E5D1-577B-4C78-8790-C4927B3003F3}.SingleImage|Any CPU.ActiveCfg = Release|Any CPU
		{FFC1E5D1-577B-4C78-8790-C4927B3003F3}.SingleImage|Any CPU.Build.0 = Release|Any CPU
		{FA5943C4-C0EE-4AC2-82D6-A27E6E36A1CE}.CD_ROM|Any CPU.ActiveCfg = Release|Any CPU
		{FA5943C4-C0EE-4AC2-82D6-A27E6E36A1CE}.CD_ROM|Any CPU.Build.0 = Release|Any CPU
		{FA5943C4-C0EE-4AC2-82D6-A27E6E36A1CE}.Debug|Any CPU.ActiveCfg = Debug|Any CPU
		{FA5943C4-C0EE-4AC2-82D6-A27E6E36A1CE}.Debug|Any CPU.Build.0 = Debug|Any CPU
		{FA5943C4-C0EE-4AC2-82D6-A27E6E36A1CE}.DVD-5|Any CPU.ActiveCfg = Debug|Any CPU
		{FA5943C4-C0EE-4AC2-82D6-A27E6E36A1CE}.DVD-5|Any CPU.Build.0 = Debug|Any CPU
		{FA5943C4-C0EE-4AC2-82D6-A27E6E36A1CE}.Release|Any CPU.ActiveCfg = Release|Any CPU
		{FA5943C4-C0EE-4AC2-82D6-A27E6E36A1CE}.Release|Any CPU.Build.0 = Release|Any CPU
		{FA5943C4-C0EE-4AC2-82D6-A27E6E36A1CE}.SingleImage|Any CPU.ActiveCfg = Release|Any CPU
		{FA5943C4-C0EE-4AC2-82D6-A27E6E36A1CE}.SingleImage|Any CPU.Build.0 = Release|Any CPU
		{505330DE-710F-41EB-8EB2-08576EE21CF7}.CD_ROM|Any CPU.ActiveCfg = Release|Any CPU
		{505330DE-710F-41EB-8EB2-08576EE21CF7}.CD_ROM|Any CPU.Build.0 = Release|Any CPU
		{505330DE-710F-41EB-8EB2-08576EE21CF7}.Debug|Any CPU.ActiveCfg = Debug|Any CPU
		{505330DE-710F-41EB-8EB2-08576EE21CF7}.Debug|Any CPU.Build.0 = Debug|Any CPU
		{505330DE-710F-41EB-8EB2-08576EE21CF7}.DVD-5|Any CPU.ActiveCfg = Debug|Any CPU
		{505330DE-710F-41EB-8EB2-08576EE21CF7}.DVD-5|Any CPU.Build.0 = Debug|Any CPU
		{505330DE-710F-41EB-8EB2-08576EE21CF7}.Release|Any CPU.ActiveCfg = Release|Any CPU
		{505330DE-710F-41EB-8EB2-08576EE21CF7}.Release|Any CPU.Build.0 = Release|Any CPU
		{505330DE-710F-41EB-8EB2-08576EE21CF7}.SingleImage|Any CPU.ActiveCfg = Release|Any CPU
		{505330DE-710F-41EB-8EB2-08576EE21CF7}.SingleImage|Any CPU.Build.0 = Release|Any CPU
		{29108E7B-4E72-4EE7-A7F8-ED9D0599446B}.CD_ROM|Any CPU.ActiveCfg = Release|Any CPU
		{29108E7B-4E72-4EE7-A7F8-ED9D0599446B}.CD_ROM|Any CPU.Build.0 = Release|Any CPU
		{29108E7B-4E72-4EE7-A7F8-ED9D0599446B}.Debug|Any CPU.ActiveCfg = Debug|Any CPU
		{29108E7B-4E72-4EE7-A7F8-ED9D0599446B}.Debug|Any CPU.Build.0 = Debug|Any CPU
		{29108E7B-4E72-4EE7-A7F8-ED9D0599446B}.DVD-5|Any CPU.ActiveCfg = Debug|Any CPU
		{29108E7B-4E72-4EE7-A7F8-ED9D0599446B}.DVD-5|Any CPU.Build.0 = Debug|Any CPU
		{29108E7B-4E72-4EE7-A7F8-ED9D0599446B}.Release|Any CPU.ActiveCfg = Release|Any CPU
		{29108E7B-4E72-4EE7-A7F8-ED9D0599446B}.Release|Any CPU.Build.0 = Release|Any CPU
		{29108E7B-4E72-4EE7-A7F8-ED9D0599446B}.SingleImage|Any CPU.ActiveCfg = Release|Any CPU
		{29108E7B-4E72-4EE7-A7F8-ED9D0599446B}.SingleImage|Any CPU.Build.0 = Release|Any CPU
		{D13F57B4-470E-404B-9419-14232E3D2C2B}.CD_ROM|Any CPU.ActiveCfg = Release|Any CPU
		{D13F57B4-470E-404B-9419-14232E3D2C2B}.CD_ROM|Any CPU.Build.0 = Release|Any CPU
		{D13F57B4-470E-404B-9419-14232E3D2C2B}.Debug|Any CPU.ActiveCfg = Debug|Any CPU
		{D13F57B4-470E-404B-9419-14232E3D2C2B}.Debug|Any CPU.Build.0 = Debug|Any CPU
		{D13F57B4-470E-404B-9419-14232E3D2C2B}.DVD-5|Any CPU.ActiveCfg = Debug|Any CPU
		{D13F57B4-470E-404B-9419-14232E3D2C2B}.DVD-5|Any CPU.Build.0 = Debug|Any CPU
		{D13F57B4-470E-404B-9419-14232E3D2C2B}.Release|Any CPU.ActiveCfg = Release|Any CPU
		{D13F57B4-470E-404B-9419-14232E3D2C2B}.Release|Any CPU.Build.0 = Release|Any CPU
		{D13F57B4-470E-404B-9419-14232E3D2C2B}.SingleImage|Any CPU.ActiveCfg = Release|Any CPU
		{D13F57B4-470E-404B-9419-14232E3D2C2B}.SingleImage|Any CPU.Build.0 = Release|Any CPU
		{08BE9FF3-224E-445B-969A-A60761E63436}.CD_ROM|Any CPU.ActiveCfg = Release|Any CPU
		{08BE9FF3-224E-445B-969A-A60761E63436}.CD_ROM|Any CPU.Build.0 = Release|Any CPU
		{08BE9FF3-224E-445B-969A-A60761E63436}.Debug|Any CPU.ActiveCfg = Debug|Any CPU
		{08BE9FF3-224E-445B-969A-A60761E63436}.Debug|Any CPU.Build.0 = Debug|Any CPU
		{08BE9FF3-224E-445B-969A-A60761E63436}.DVD-5|Any CPU.ActiveCfg = Debug|Any CPU
		{08BE9FF3-224E-445B-969A-A60761E63436}.DVD-5|Any CPU.Build.0 = Debug|Any CPU
		{08BE9FF3-224E-445B-969A-A60761E63436}.Release|Any CPU.ActiveCfg = Release|Any CPU
		{08BE9FF3-224E-445B-969A-A60761E63436}.Release|Any CPU.Build.0 = Release|Any CPU
		{08BE9FF3-224E-445B-969A-A60761E63436}.SingleImage|Any CPU.ActiveCfg = Release|Any CPU
		{08BE9FF3-224E-445B-969A-A60761E63436}.SingleImage|Any CPU.Build.0 = Release|Any CPU
		{8B840BA4-108F-4BCB-9566-682CF410280B}.CD_ROM|Any CPU.ActiveCfg = Release|Any CPU
		{8B840BA4-108F-4BCB-9566-682CF410280B}.CD_ROM|Any CPU.Build.0 = Release|Any CPU
		{8B840BA4-108F-4BCB-9566-682CF410280B}.Debug|Any CPU.ActiveCfg = Debug|Any CPU
		{8B840BA4-108F-4BCB-9566-682CF410280B}.Debug|Any CPU.Build.0 = Debug|Any CPU
		{8B840BA4-108F-4BCB-9566-682CF410280B}.DVD-5|Any CPU.ActiveCfg = Debug|Any CPU
		{8B840BA4-108F-4BCB-9566-682CF410280B}.DVD-5|Any CPU.Build.0 = Debug|Any CPU
		{8B840BA4-108F-4BCB-9566-682CF410280B}.Release|Any CPU.ActiveCfg = Release|Any CPU
		{8B840BA4-108F-4BCB-9566-682CF410280B}.Release|Any CPU.Build.0 = Release|Any CPU
		{8B840BA4-108F-4BCB-9566-682CF410280B}.SingleImage|Any CPU.ActiveCfg = Release|Any CPU
		{8B840BA4-108F-4BCB-9566-682CF410280B}.SingleImage|Any CPU.Build.0 = Release|Any CPU
		{3E26BFD4-5293-4BCF-BD97-2AE074D92466}.CD_ROM|Any CPU.ActiveCfg = CD_ROM
		{3E26BFD4-5293-4BCF-BD97-2AE074D92466}.CD_ROM|Any CPU.Build.0 = CD_ROM
		{3E26BFD4-5293-4BCF-BD97-2AE074D92466}.Debug|Any CPU.ActiveCfg = DVD-5
		{3E26BFD4-5293-4BCF-BD97-2AE074D92466}.Debug|Any CPU.Build.0 = DVD-5
		{3E26BFD4-5293-4BCF-BD97-2AE074D92466}.DVD-5|Any CPU.ActiveCfg = DVD-5
		{3E26BFD4-5293-4BCF-BD97-2AE074D92466}.DVD-5|Any CPU.Build.0 = DVD-5
		{3E26BFD4-5293-4BCF-BD97-2AE074D92466}.Release|Any CPU.ActiveCfg = SingleImage
		{3E26BFD4-5293-4BCF-BD97-2AE074D92466}.Release|Any CPU.Build.0 = SingleImage
		{3E26BFD4-5293-4BCF-BD97-2AE074D92466}.SingleImage|Any CPU.ActiveCfg = SingleImage
		{3E26BFD4-5293-4BCF-BD97-2AE074D92466}.SingleImage|Any CPU.Build.0 = SingleImage
		{05C63440-F211-4BC4-B394-5C9468B16A91}.CD_ROM|Any CPU.ActiveCfg = Release|Any CPU
		{05C63440-F211-4BC4-B394-5C9468B16A91}.CD_ROM|Any CPU.Build.0 = Release|Any CPU
		{05C63440-F211-4BC4-B394-5C9468B16A91}.Debug|Any CPU.ActiveCfg = Debug|Any CPU
		{05C63440-F211-4BC4-B394-5C9468B16A91}.Debug|Any CPU.Build.0 = Debug|Any CPU
		{05C63440-F211-4BC4-B394-5C9468B16A91}.DVD-5|Any CPU.ActiveCfg = Debug|Any CPU
		{05C63440-F211-4BC4-B394-5C9468B16A91}.DVD-5|Any CPU.Build.0 = Debug|Any CPU
		{05C63440-F211-4BC4-B394-5C9468B16A91}.Release|Any CPU.ActiveCfg = Release|Any CPU
		{05C63440-F211-4BC4-B394-5C9468B16A91}.Release|Any CPU.Build.0 = Release|Any CPU
		{05C63440-F211-4BC4-B394-5C9468B16A91}.SingleImage|Any CPU.ActiveCfg = Release|Any CPU
		{05C63440-F211-4BC4-B394-5C9468B16A91}.SingleImage|Any CPU.Build.0 = Release|Any CPU
		{17859C7A-3D6A-4307-BDAF-AA0129A3D081}.CD_ROM|Any CPU.ActiveCfg = Release|Any CPU
		{17859C7A-3D6A-4307-BDAF-AA0129A3D081}.CD_ROM|Any CPU.Build.0 = Release|Any CPU
		{17859C7A-3D6A-4307-BDAF-AA0129A3D081}.Debug|Any CPU.ActiveCfg = Debug|Any CPU
		{17859C7A-3D6A-4307-BDAF-AA0129A3D081}.Debug|Any CPU.Build.0 = Debug|Any CPU
		{17859C7A-3D6A-4307-BDAF-AA0129A3D081}.DVD-5|Any CPU.ActiveCfg = Debug|Any CPU
		{17859C7A-3D6A-4307-BDAF-AA0129A3D081}.DVD-5|Any CPU.Build.0 = Debug|Any CPU
		{17859C7A-3D6A-4307-BDAF-AA0129A3D081}.Release|Any CPU.ActiveCfg = Release|Any CPU
		{17859C7A-3D6A-4307-BDAF-AA0129A3D081}.Release|Any CPU.Build.0 = Release|Any CPU
		{17859C7A-3D6A-4307-BDAF-AA0129A3D081}.SingleImage|Any CPU.ActiveCfg = Release|Any CPU
		{17859C7A-3D6A-4307-BDAF-AA0129A3D081}.SingleImage|Any CPU.Build.0 = Release|Any CPU
		{D42C3496-9700-438D-B028-2BB8E48B3C0B}.CD_ROM|Any CPU.ActiveCfg = Release|Any CPU
		{D42C3496-9700-438D-B028-2BB8E48B3C0B}.CD_ROM|Any CPU.Build.0 = Release|Any CPU
		{D42C3496-9700-438D-B028-2BB8E48B3C0B}.Debug|Any CPU.ActiveCfg = Debug|Any CPU
		{D42C3496-9700-438D-B028-2BB8E48B3C0B}.Debug|Any CPU.Build.0 = Debug|Any CPU
		{D42C3496-9700-438D-B028-2BB8E48B3C0B}.DVD-5|Any CPU.ActiveCfg = Debug|Any CPU
		{D42C3496-9700-438D-B028-2BB8E48B3C0B}.DVD-5|Any CPU.Build.0 = Debug|Any CPU
		{D42C3496-9700-438D-B028-2BB8E48B3C0B}.Release|Any CPU.ActiveCfg = Release|Any CPU
		{D42C3496-9700-438D-B028-2BB8E48B3C0B}.Release|Any CPU.Build.0 = Release|Any CPU
		{D42C3496-9700-438D-B028-2BB8E48B3C0B}.SingleImage|Any CPU.ActiveCfg = Release|Any CPU
		{D42C3496-9700-438D-B028-2BB8E48B3C0B}.SingleImage|Any CPU.Build.0 = Release|Any CPU
	EndGlobalSection
	GlobalSection(SolutionProperties) = preSolution
		HideSolutionNode = FALSE
	EndGlobalSection
	GlobalSection(NestedProjects) = preSolution
		{B8E1CBEC-E223-426B-B07C-BB4DCE5F6572} = {47973809-1D93-4E51-896A-9AEF31D05ABC}
		{FFC1E5D1-577B-4C78-8790-C4927B3003F3} = {B8E1CBEC-E223-426B-B07C-BB4DCE5F6572}
		{24387316-CAE0-4732-B5AD-1C7B2763CFAE} = {47973809-1D93-4E51-896A-9AEF31D05ABC}
		{A5CCC4B1-70F0-463C-A609-D19216E3CDD8} = {47973809-1D93-4E51-896A-9AEF31D05ABC}
		{FA5943C4-C0EE-4AC2-82D6-A27E6E36A1CE} = {24387316-CAE0-4732-B5AD-1C7B2763CFAE}
		{505330DE-710F-41EB-8EB2-08576EE21CF7} = {A5CCC4B1-70F0-463C-A609-D19216E3CDD8}
		{29108E7B-4E72-4EE7-A7F8-ED9D0599446B} = {A5CCC4B1-70F0-463C-A609-D19216E3CDD8}
		{D13F57B4-470E-404B-9419-14232E3D2C2B} = {A7B57454-8122-47CE-B192-03FBAD752080}
		{08BE9FF3-224E-445B-969A-A60761E63436} = {09D8EA8B-B379-4CE1-B966-FAEB608E70F6}
		{8B840BA4-108F-4BCB-9566-682CF410280B} = {A7B57454-8122-47CE-B192-03FBAD752080}
		{3E26BFD4-5293-4BCF-BD97-2AE074D92466} = {03C24319-921F-4878-AC40-8E972B275778}
		{2E639B7D-EFD2-459C-A47F-99C5C02C8315} = {47973809-1D93-4E51-896A-9AEF31D05ABC}
		{05C63440-F211-4BC4-B394-5C9468B16A91} = {2E639B7D-EFD2-459C-A47F-99C5C02C8315}
		{17859C7A-3D6A-4307-BDAF-AA0129A3D081} = {1B098627-9C5C-4135-8B8D-C6D2894F3438}
		{D42C3496-9700-438D-B028-2BB8E48B3C0B} = {FB89B025-5E38-40C1-960D-083CB502026E}
	EndGlobalSection
EndGlobal
